
Microsoft Visual Studio Solution File, Format Version 12.00
# Visual Studio 15
VisualStudioVersion = 15.0.28010.2026
MinimumVisualStudioVersion = 10.0.40219.1
Project("{FAE04EC0-301F-11D3-BF4B-00C04F79EFBC}") = "WSLX", "WSLX\WSLX.csproj", "{B732FC53-C451-44EA-A24F-EF32605BB877}"
EndProject
Global
	GlobalSection(SolutionConfigurationPlatforms) = preSolution
		Debug|Any CPU = Debug|Any CPU
		Release|Any CPU = Release|Any CPU
		Test|Any CPU = Test|Any CPU
	EndGlobalSection
	GlobalSection(ProjectConfigurationPlatforms) = postSolution
		{B732FC53-C451-44EA-A24F-EF32605BB877}.Debug|Any CPU.ActiveCfg = Debug|Any CPU
		{B732FC53-C451-44EA-A24F-EF32605BB877}.Debug|Any CPU.Build.0 = Debug|Any CPU
		{B732FC53-C451-44EA-A24F-EF32605BB877}.Release|Any CPU.ActiveCfg = Release|Any CPU
		{B732FC53-C451-44EA-A24F-EF32605BB877}.Release|Any CPU.Build.0 = Release|Any CPU
		{B732FC53-C451-44EA-A24F-EF32605BB877}.Test|Any CPU.ActiveCfg = Test|Any CPU
		{B732FC53-C451-44EA-A24F-EF32605BB877}.Test|Any CPU.Build.0 = Test|Any CPU
	EndGlobalSection
	GlobalSection(SolutionProperties) = preSolution
		HideSolutionNode = FALSE
	EndGlobalSection
	GlobalSection(ExtensibilityGlobals) = postSolution
		SolutionGuid = {BA6D3614-80A0-40EE-93E6-4B7BFC1F1E38}
	EndGlobalSection
EndGlobal
