
Microsoft Visual Studio Solution File, Format Version 12.00
# Visual Studio 15
VisualStudioVersion = 15.0.28010.2041
MinimumVisualStudioVersion = 10.0.40219.1
Project("{FAE04EC0-301F-11D3-BF4B-00C04F79EFBC}") = "WSLXSetup", "WSLXSetup\WSLXSetup.csproj", "{A7EE9E9C-E47A-4FEA-9D09-E79487ACAD9D}"
EndProject
Global
	GlobalSection(SolutionConfigurationPlatforms) = preSolution
		Debug|Any CPU = Debug|Any CPU
		Release|Any CPU = Release|Any CPU
		Test|Any CPU = Test|Any CPU
	EndGlobalSection
	GlobalSection(ProjectConfigurationPlatforms) = postSolution
		{A7EE9E9C-E47A-4FEA-9D09-E79487ACAD9D}.Debug|Any CPU.ActiveCfg = Debug|Any CPU
		{A7EE9E9C-E47A-4FEA-9D09-E79487ACAD9D}.Debug|Any CPU.Build.0 = Debug|Any CPU
		{A7EE9E9C-E47A-4FEA-9D09-E79487ACAD9D}.Release|Any CPU.ActiveCfg = Release|Any CPU
		{A7EE9E9C-E47A-4FEA-9D09-E79487ACAD9D}.Release|Any CPU.Build.0 = Release|Any CPU
		{A7EE9E9C-E47A-4FEA-9D09-E79487ACAD9D}.Test|Any CPU.ActiveCfg = Test|Any CPU
		{A7EE9E9C-E47A-4FEA-9D09-E79487ACAD9D}.Test|Any CPU.Build.0 = Test|Any CPU
	EndGlobalSection
	GlobalSection(SolutionProperties) = preSolution
		HideSolutionNode = FALSE
	EndGlobalSection
	GlobalSection(ExtensibilityGlobals) = postSolution
		SolutionGuid = {2AB2742A-B8B6-4B5D-9456-7A9A10BD8B71}
	EndGlobalSection
EndGlobal
